speakeasyVersion: 0.0.1
sources:
    openapi:
        sourceNamespace: openapi
        sourceRevisionDigest: sha256:103c3dbadeca6824ed5dedea67b9bd768b9bde663aba7a120ff7b057a43d04ce
        sourceBlobDigest: sha256:90710a936023970e84e5c392eb24e1a076fda4615e4920970981c8c36a630121
        tags:
            - latest
            - 1.0.0
targets:
    overlay-example:
        source: openapi
        sourceNamespace: openapi
        sourceRevisionDigest: sha256:103c3dbadeca6824ed5dedea67b9bd768b9bde663aba7a120ff7b057a43d04ce
        sourceBlobDigest: sha256:90710a936023970e84e5c392eb24e1a076fda4615e4920970981c8c36a630121
        codeSamplesNamespace: openapi-ruby-code-samples
        codeSamplesRevisionDigest: sha256:26a473fbd0f6ddc54bd6669ef2ef79463de02a1fb01f8dc58af0e3d86d792c05
workflow:
    workflowVersion: 1.0.0
    speakeasyVersion: latest
    sources:
        openapi:
            inputs:
                - location: openapi.yaml
            registry:
                location: registry.speakeasyapi.dev/speakeasy-self/speakeasy-self/openapi
    targets:
        overlay-example:
            target: ruby
            source: openapi
            codeSamples:
                registry:
                    location: registry.speakeasyapi.dev/speakeasy-self/speakeasy-self/openapi-ruby-code-samples
                labelOverride:
                    fixedValue: Ruby (SDK)
                blocking: false
